
Microsoft Visual Studio Solution File, Format Version 12.00
# Visual Studio Version 17
VisualStudioVersion = 17.12.35527.113
MinimumVisualStudioVersion = 10.0.40219.1
Project("{FAE04EC0-301F-11D3-BF4B-00C04F79EFBC}") = "RecupereJa", "RecupereJa\RecupereJa.csproj", "{056C5586-5864-4E76-97DD-FD0BBD20EB1A}"
EndProject
Project("{2150E333-8FDC-42A3-9474-1A3956D46DE8}") = "Solution Items", "Solution Items", "{603E5EDB-60C8-4117-B716-593C40FC3ECF}"
	ProjectSection(SolutionItems) = preProject
		.editorconfig = .editorconfig
	EndProjectSection
EndProject
Project("{2150E333-8FDC-42A3-9474-1A3956D46DE8}") = "Itens de Solução", "Itens de Solução", "{03C4750F-1DCB-41E2-A8E9-416A3ED40CD7}"
	ProjectSection(SolutionItems) = preProject
		.gitignore = .gitignore
	EndProjectSection
EndProject
Global
	GlobalSection(SolutionConfigurationPlatforms) = preSolution
		Debug|Any CPU = Debug|Any CPU
		Release|Any CPU = Release|Any CPU
	EndGlobalSection
	GlobalSection(ProjectConfigurationPlatforms) = postSolution
		{056C5586-5864-4E76-97DD-FD0BBD20EB1A}.Debug|Any CPU.ActiveCfg = Debug|Any CPU
		{056C5586-5864-4E76-97DD-FD0BBD20EB1A}.Debug|Any CPU.Build.0 = Debug|Any CPU
		{056C5586-5864-4E76-97DD-FD0BBD20EB1A}.Release|Any CPU.ActiveCfg = Release|Any CPU
		{056C5586-5864-4E76-97DD-FD0BBD20EB1A}.Release|Any CPU.Build.0 = Release|Any CPU
	EndGlobalSection
	GlobalSection(SolutionProperties) = preSolution
		HideSolutionNode = FALSE
	EndGlobalSection
EndGlobal
